
Microsoft Visual Studio Solution File, Format Version 12.00
# Visual Studio Version 16
VisualStudioVersion = 16.0.31424.327
MinimumVisualStudioVersion = 10.0.40219.1
Project("{FAE04EC0-301F-11D3-BF4B-00C04F79EFBC}") = "TodoApi", "TodoApi\TodoApi.csproj", "{11720E47-4545-43F3-8ED3-09B2BD309A59}"
EndProject
Global
	GlobalSection(SolutionConfigurationPlatforms) = preSolution
		Debug|Any CPU = Debug|Any CPU
		Release|Any CPU = Release|Any CPU
	EndGlobalSection
	GlobalSection(ProjectConfigurationPlatforms) = postSolution
		{11720E47-4545-43F3-8ED3-09B2BD309A59}.Debug|Any CPU.ActiveCfg = Debug|Any CPU
		{11720E47-4545-43F3-8ED3-09B2BD309A59}.Debug|Any CPU.Build.0 = Debug|Any CPU
		{11720E47-4545-43F3-8ED3-09B2BD309A59}.Release|Any CPU.ActiveCfg = Release|Any CPU
		{11720E47-4545-43F3-8ED3-09B2BD309A59}.Release|Any CPU.Build.0 = Release|Any CPU
	EndGlobalSection
	GlobalSection(SolutionProperties) = preSolution
		HideSolutionNode = FALSE
	EndGlobalSection
	GlobalSection(ExtensibilityGlobals) = postSolution
		SolutionGuid = {D1972D10-5EC9-4809-8DC2-0AA61543BB78}
	EndGlobalSection
EndGlobal
